
Microsoft Visual Studio Solution File, Format Version 12.00
# Visual Studio Version 17
VisualStudioVersion = 17.13.35825.156 d17.13
MinimumVisualStudioVersion = 10.0.40219.1
Project("{FAE04EC0-301F-11D3-BF4B-00C04F79EFBC}") = "oopact", "oopact\oopact.csproj", "{4FC3276D-D857-40F3-AAED-F66596685D5E}"
EndProject
Global
	GlobalSection(SolutionConfigurationPlatforms) = preSolution
		Debug|Any CPU = Debug|Any CPU
		Release|Any CPU = Release|Any CPU
	EndGlobalSection
	GlobalSection(ProjectConfigurationPlatforms) = postSolution
		{4FC3276D-D857-40F3-AAED-F66596685D5E}.Debug|Any CPU.ActiveCfg = Debug|Any CPU
		{4FC3276D-D857-40F3-AAED-F66596685D5E}.Debug|Any CPU.Build.0 = Debug|Any CPU
		{4FC3276D-D857-40F3-AAED-F66596685D5E}.Release|Any CPU.ActiveCfg = Release|Any CPU
		{4FC3276D-D857-40F3-AAED-F66596685D5E}.Release|Any CPU.Build.0 = Release|Any CPU
	EndGlobalSection
	GlobalSection(SolutionProperties) = preSolution
		HideSolutionNode = FALSE
	EndGlobalSection
	GlobalSection(ExtensibilityGlobals) = postSolution
		SolutionGuid = {F9DAFA88-89F2-4969-A9D5-D1E5B45B95DB}
	EndGlobalSection
EndGlobal
